
Microsoft Visual Studio Solution File, Format Version 10.00
# Visual Studio 2008
Project("{8BC9CEB8-8B4A-11D0-8D11-00A0C91BC942}") = "MSVMainFrm", "MSVMainFrm\MSVMainFrm.vcproj", "{BD605947-9B24-46DE-85CD-A3F4F1E9887A}"
EndProject
Project("{8BC9CEB8-8B4A-11D0-8D11-00A0C91BC942}") = "WindowsHook", "WindowsHook\WindowsHook.vcproj", "{9972C2B7-320D-4FDA-8C49-83DFFCF44A73}"
EndProject
Global
	GlobalSection(TeamFoundationVersionControl) = preSolution
		SccNumberOfProjects = 77
		SccEnterpriseProvider = {4CA58AB2-18FA-4F8D-95D4-32DDF27D184C}
		SccTeamFoundationServer = http://172.16.254.85:8080/
		SccLocalPath0 = .
		SccProjectUniqueName1 = ..\\GlobalCtrl\\GlobalCtrl.vcproj
		SccProjectTopLevelParentUniqueName1 = MSV_AllProject.sln
		SccProjectName1 = ../GlobalCtrl
		SccLocalPath1 = ..\\GlobalCtrl
		SccProjectUniqueName2 = ..\\MSVInputTask\\MSVInputTask.vcproj
		SccProjectTopLevelParentUniqueName2 = MSV_AllProject.sln
		SccProjectName2 = ../MSVInputTask
		SccLocalPath2 = ..\\MSVInputTask
		SccProjectUniqueName3 = ..\\MSVMainApp\\MSVMainApp.vcproj
		SccProjectTopLevelParentUniqueName3 = MSV_AllProject.sln
		SccProjectName3 = ../MSVMainApp
		SccLocalPath3 = ..\\MSVMainApp
		SccProjectUniqueName4 = ..\\MSVTaskService\\MSVTaskService.vcproj
		SccProjectTopLevelParentUniqueName4 = MSV_AllProject.sln
		SccProjectName4 = ../MSVTaskService
		SccLocalPath4 = ..\\MSVTaskService
		SccProjectUniqueName5 = ..\\MsvCapture\\MsvCapture.vcproj
		SccProjectTopLevelParentUniqueName5 = MSV_AllProject.sln
		SccProjectName5 = ../MsvCapture
		SccLocalPath5 = ..\\MsvCapture
		SccProjectUniqueName6 = ..\\clientSDK\\MsvClientSDK.vcproj
		SccProjectTopLevelParentUniqueName6 = MSV_AllProject.sln
		SccProjectName6 = ../clientSDK
		SccLocalPath6 = ..\\clientSDK
		SccProjectUniqueName7 = ..\\SNMPServer\\SNMPServer.vcproj
		SccProjectTopLevelParentUniqueName7 = MSV_AllProject.sln
		SccProjectName7 = ../SNMPServer
		SccLocalPath7 = ..\\SNMPServer
		SccProjectUniqueName8 = ..\\..\\Middle\\CARRAYMODULE_CS\\MgAvWriterClient\\MgAvWriter.vcproj
		SccProjectTopLevelParentUniqueName8 = MSV_AllProject.sln
		SccProjectName8 = ../../Middle/CARRAYMODULE_CS/MgAvWriterClient
		SccLocalPath8 = ..\\..\\Middle\\CARRAYMODULE_CS\\MgAvWriterClient
		SccProjectUniqueName9 = ..\\..\\Middle\\CARRAYMODULE_CS\\LocalNTFSReader\\LocalNTFSReader.vcproj
		SccProjectTopLevelParentUniqueName9 = MSV_AllProject.sln
		SccProjectName9 = ../../Middle/CARRAYMODULE_CS/LocalNTFSReader
		SccLocalPath9 = ..\\..\\Middle\\CARRAYMODULE_CS\\LocalNTFSReader
		SccProjectUniqueName10 = ..\\..\\Middle\\CARRAYMODULE_CS\\MGVarBufferList\\MGVarBufferList.vcproj
		SccProjectTopLevelParentUniqueName10 = MSV_AllProject.sln
		SccProjectName10 = ../../Middle/CARRAYMODULE_CS/MGVarBufferList
		SccLocalPath10 = ..\\..\\Middle\\CARRAYMODULE_CS\\MGVarBufferList
		SccProjectUniqueName11 = ..\\..\\Middle\\CARRAYMODULE_CS\\LocalAMFSReader\\LocalAMFSReader.vcproj
		SccProjectTopLevelParentUniqueName11 = MSV_AllProject.sln
		SccProjectName11 = ../../Middle/CARRAYMODULE_CS/LocalAMFSReader
		SccLocalPath11 = ..\\..\\Middle\\CARRAYMODULE_CS\\LocalAMFSReader
		SccProjectUniqueName12 = ..\\..\\Middle\\MGAVWRITERSERVER\\MgAvWriterServer\\MGCarrayServer.vcproj
		SccProjectTopLevelParentUniqueName12 = MSV_AllProject.sln
		SccProjectName12 = ../../Middle/MGAVWRITERSERVER/MgAvWriterServer
		SccLocalPath12 = ..\\..\\Middle\\MGAVWRITERSERVER\\MgAvWriterServer
		SccProjectUniqueName13 = ..\\..\\Middle\\MGAVWRITERSERVER\\MGAVWriterServerAdapter\\MGAVWriterServerAdapter.vcproj
		SccProjectTopLevelParentUniqueName13 = MSV_AllProject.sln
		SccProjectName13 = ../../Middle/MGAVWRITERSERVER/MGAVWriterServerAdapter
		SccLocalPath13 = ..\\..\\Middle\\MGAVWRITERSERVER\\MGAVWriterServerAdapter
		SccProjectUniqueName14 = ..\\..\\Middle\\MGWriteCacheModule\\MGAVWriteFile\\MGAVWriteFile.vcproj
		SccProjectTopLevelParentUniqueName14 = MSV_AllProject.sln
		SccProjectName14 = ../../Middle/MGWriteCacheModule/MGAVWriteFile
		SccLocalPath14 = ..\\..\\Middle\\MGWriteCacheModule\\MGAVWriteFile
		SccProjectUniqueName15 = ..\\..\\Middle\\MGWriteCacheModule\\LocalNTFSWriter\\LocalNTFSWriter.vcproj
		SccProjectTopLevelParentUniqueName15 = MSV_AllProject.sln
		SccProjectName15 = ../../Middle/MGWriteCacheModule/LocalNTFSWriter
		SccLocalPath15 = ..\\..\\Middle\\MGWriteCacheModule\\LocalNTFSWriter
		SccProjectUniqueName16 = ..\\..\\Middle\\MGWriteCacheModule\\LocalAMFSWriter\\LocalAMFSWriter.vcproj
		SccProjectTopLevelParentUniqueName16 = MSV_AllProject.sln
		SccProjectName16 = ../../Middle/MGWriteCacheModule/LocalAMFSWriter
		SccLocalPath16 = ..\\..\\Middle\\MGWriteCacheModule\\LocalAMFSWriter
		SccProjectUniqueName17 = ..\\..\\Middle\\MGSteamInModule\\X1StreamIn\\X1StreamIn.vcproj
		SccProjectTopLevelParentUniqueName17 = MSV_AllProject.sln
		SccProjectName17 = ../../Middle/MGSteamInModule/X1StreamIn
		SccLocalPath17 = ..\\..\\Middle\\MGSteamInModule\\X1StreamIn
		SccProjectUniqueName18 = ..\\..\\Middle\\MGSteamInModule\\MGStreamInManager\\MGStreamInManager.vcproj
		SccProjectTopLevelParentUniqueName18 = MSV_AllProject.sln
		SccProjectName18 = ../../Middle/MGSteamInModule/MGStreamInManager
		SccLocalPath18 = ..\\..\\Middle\\MGSteamInModule\\MGStreamInManager
		SccProjectUniqueName19 = ..\\..\\Middle\\MGSteamInModule\\MG4500StreamIn\\MG4500StreamIn.vcproj
		SccProjectTopLevelParentUniqueName19 = MSV_AllProject.sln
		SccProjectName19 = ../../Middle/MGSteamInModule/MG4500StreamIn
		SccLocalPath19 = ..\\..\\Middle\\MGSteamInModule\\MG4500StreamIn
		SccProjectUniqueName20 = ..\\..\\Middle\\MGNWVideoPlugIn\\GTMNetwork\\GTMNetwork.vcproj
		SccProjectTopLevelParentUniqueName20 = MSV_AllProject.sln
		SccProjectName20 = ../../Middle/MGNWVideoPlugIn/GTMNetwork
		SccLocalPath20 = ..\\..\\Middle\\MGNWVideoPlugIn\\GTMNetwork
		SccProjectUniqueName21 = ..\\..\\Middle\\MGNWVideoPlugIn\\PreviewH264Encode\\MGH264Encode.vcproj
		SccProjectTopLevelParentUniqueName21 = MSV_AllProject.sln
		SccProjectName21 = ../../Middle/MGNWVideoPlugIn/PreviewH264Encode
		SccLocalPath21 = ..\\..\\Middle\\MGNWVideoPlugIn\\PreviewH264Encode
		SccProjectUniqueName22 = ..\\..\\Middle\\MGFileWriteModule\\MGAvi2Writer\\MGAvi2Writer.vcproj
		SccProjectTopLevelParentUniqueName22 = MSV_AllProject.sln
		SccProjectName22 = ../../Middle/MGFileWriteModule/MGAvi2Writer
		SccLocalPath22 = ..\\..\\Middle\\MGFileWriteModule\\MGAvi2Writer
		SccProjectUniqueName23 = ..\\..\\Middle\\MGFileWriteModule\\MGDbeAudioWriter\\MGDbeAudioWriter.vcproj
		SccProjectTopLevelParentUniqueName23 = MSV_AllProject.sln
		SccProjectName23 = ../../Middle/MGFileWriteModule/MGDbeAudioWriter
		SccLocalPath23 = ..\\..\\Middle\\MGFileWriteModule\\MGDbeAudioWriter
		SccProjectUniqueName24 = ..\\..\\Middle\\MGFileWriteModule\\MGGxfAviWriter\\MGGxfAviWriter.vcproj
		SccProjectTopLevelParentUniqueName24 = MSV_AllProject.sln
		SccProjectName24 = ../../Middle/MGFileWriteModule/MGGxfAviWriter
		SccLocalPath24 = ..\\..\\Middle\\MGFileWriteModule\\MGGxfAviWriter
		SccProjectUniqueName25 = ..\\..\\Middle\\MGFileWriteModule\\MGMatroxAviWriter\\MGMatroxAviWriter.vcproj
		SccProjectTopLevelParentUniqueName25 = MSV_AllProject.sln
		SccProjectName25 = ../../Middle/MGFileWriteModule/MGMatroxAviWriter
		SccLocalPath25 = ..\\..\\Middle\\MGFileWriteModule\\MGMatroxAviWriter
		SccProjectUniqueName26 = ..\\..\\Middle\\MGFileWriteModule\\MGMavAviWriter\\MGMavAviWriter.vcproj
		SccProjectTopLevelParentUniqueName26 = MSV_AllProject.sln
		SccProjectName26 = ../../Middle/MGFileWriteModule/MGMavAviWriter
		SccLocalPath26 = ..\\..\\Middle\\MGFileWriteModule\\MGMavAviWriter
		SccProjectUniqueName27 = ..\\..\\Middle\\MGFileWriteModule\\MGMp2AudioWriter\\MGMp2AudioWriter.vcproj
		SccProjectTopLevelParentUniqueName27 = MSV_AllProject.sln
		SccProjectName27 = ../../Middle/MGFileWriteModule/MGMp2AudioWriter
		SccLocalPath27 = ..\\..\\Middle\\MGFileWriteModule\\MGMp2AudioWriter
		SccProjectUniqueName28 = ..\\..\\Middle\\MGFileWriteModule\\MGMp3AudioWriter\\MGMp3AudioWriter.vcproj
		SccProjectTopLevelParentUniqueName28 = MSV_AllProject.sln
		SccProjectName28 = ../../Middle/MGFileWriteModule/MGMp3AudioWriter
		SccLocalPath28 = ..\\..\\Middle\\MGFileWriteModule\\MGMp3AudioWriter
		SccProjectUniqueName29 = ..\\..\\Middle\\MGFileWriteModule\\MGMxfAviWriter\\MGMxfAviWriter.vcproj
		SccProjectTopLevelParentUniqueName29 = MSV_AllProject.sln
		SccProjectName29 = ../../Middle/MGFileWriteModule/MGMxfAviWriter
		SccLocalPath29 = ..\\..\\Middle\\MGFileWriteModule\\MGMxfAviWriter
		SccProjectUniqueName30 = ..\\..\\Middle\\MGFileWriteModule\\MGRiffAviWriter\\MGRiffAviWriter.vcproj
		SccProjectTopLevelParentUniqueName30 = MSV_AllProject.sln
		SccProjectName30 = ../../Middle/MGFileWriteModule/MGRiffAviWriter
		SccLocalPath30 = ..\\..\\Middle\\MGFileWriteModule\\MGRiffAviWriter
		SccProjectUniqueName31 = ..\\..\\Middle\\MGFileWriteModule\\MGWMVAviWriter\\MGWMVAviWriter.vcproj
		SccProjectTopLevelParentUniqueName31 = MSV_AllProject.sln
		SccProjectName31 = ../../Middle/MGFileWriteModule/MGWMVAviWriter
		SccLocalPath31 = ..\\..\\Middle\\MGFileWriteModule\\MGWMVAviWriter
		SccProjectUniqueName32 = ..\\..\\Middle\\MGFileWriteModule\\MGWavAudioWriter\\MGWavAudioWriter.vcproj
		SccProjectTopLevelParentUniqueName32 = MSV_AllProject.sln
		SccProjectName32 = ../../Middle/MGFileWriteModule/MGWavAudioWriter
		SccLocalPath32 = ..\\..\\Middle\\MGFileWriteModule\\MGWavAudioWriter
		SccProjectUniqueName33 = ..\\..\\Middle\\MGFileWriteModule\\MGISMVWriter\\MGISMVWriter.vcproj
		SccProjectTopLevelParentUniqueName33 = MSV_AllProject.sln
		SccProjectName33 = ../../Middle/MGFileWriteModule/MGISMVWriter
		SccLocalPath33 = ..\\..\\Middle\\MGFileWriteModule\\MGISMVWriter
		SccProjectUniqueName34 = ..\\..\\Middle\\MGFileWriteModule\\MGAACAudioWriter\\MGAACAudioWriter.vcproj
		SccProjectTopLevelParentUniqueName34 = MSV_AllProject.sln
		SccProjectName34 = ../../Middle/MGFileWriteModule/MGAACAudioWriter
		SccLocalPath34 = ..\\..\\Middle\\MGFileWriteModule\\MGAACAudioWriter
		SccProjectUniqueName35 = ..\\..\\Middle\\MGFileWriteModule\\MGMP4Writer\\MGMP4Writer.vcproj
		SccProjectTopLevelParentUniqueName35 = MSV_AllProject.sln
		SccProjectName35 = ../../Middle/MGFileWriteModule/MGMP4Writer
		SccLocalPath35 = ..\\..\\Middle\\MGFileWriteModule\\MGMP4Writer
		SccProjectUniqueName36 = ..\\..\\Middle\\MGFileWriteModule\\MGTsAviWriter\\MGTsAviWriter.vcproj
		SccProjectTopLevelParentUniqueName36 = MSV_AllProject.sln
		SccProjectName36 = ../../Middle/MGFileWriteModule/MGTsAviWriter
		SccLocalPath36 = ..\\..\\Middle\\MGFileWriteModule\\MGTsAviWriter
		SccProjectUniqueName37 = ..\\..\\Middle\\MGEncodeModule\\MGDVEncode\\MGDVEncode.vcproj
		SccProjectTopLevelParentUniqueName37 = MSV_AllProject.sln
		SccProjectName37 = ../../Middle/MGEncodeModule/MGDVEncode
		SccLocalPath37 = ..\\..\\Middle\\MGEncodeModule\\MGDVEncode
		SccProjectUniqueName38 = ..\\..\\Middle\\MGEncodeModule\\MGEncode\\MGEncode.vcproj
		SccProjectTopLevelParentUniqueName38 = MSV_AllProject.sln
		SccProjectName38 = ../../Middle/MGEncodeModule/MGEncode
		SccLocalPath38 = ..\\..\\Middle\\MGEncodeModule\\MGEncode
		SccProjectUniqueName39 = ..\\..\\Middle\\MGEncodeModule\\MGMjpgEncode\\MGMjpgEncode.vcproj
		SccProjectTopLevelParentUniqueName39 = MSV_AllProject.sln
		SccProjectName39 = ../../Middle/MGEncodeModule/MGMjpgEncode
		SccLocalPath39 = ..\\..\\Middle\\MGEncodeModule\\MGMjpgEncode
		SccProjectUniqueName40 = ..\\..\\Middle\\MGEncodeModule\\MGMpeg2Encode\\MGMpeg2Encode.vcproj
		SccProjectTopLevelParentUniqueName40 = MSV_AllProject.sln
		SccProjectName40 = ../../Middle/MGEncodeModule/MGMpeg2Encode
		SccLocalPath40 = ..\\..\\Middle\\MGEncodeModule\\MGMpeg2Encode
		SccProjectUniqueName41 = ..\\..\\Middle\\MGEncodeModule\\MGMpeg4Encode\\MGMpeg4Encode.vcproj
		SccProjectTopLevelParentUniqueName41 = MSV_AllProject.sln
		SccProjectName41 = ../../Middle/MGEncodeModule/MGMpeg4Encode
		SccLocalPath41 = ..\\..\\Middle\\MGEncodeModule\\MGMpeg4Encode
		SccProjectUniqueName42 = ..\\..\\Middle\\MGEncodeModule\\MGH264Encode\\MGH264Encode.vcproj
		SccProjectTopLevelParentUniqueName42 = MSV_AllProject.sln
		SccProjectName42 = ../../Middle/MGEncodeModule/MGH264Encode
		SccLocalPath42 = ..\\..\\Middle\\MGEncodeModule\\MGH264Encode
		SccProjectUniqueName43 = ..\\..\\Middle\\MGCaptureCtrModule\\MGCaptureCtrlMan\\MGCaptureCtrlMan.vcproj
		SccProjectTopLevelParentUniqueName43 = MSV_AllProject.sln
		SccProjectName43 = ../../Middle/MGCaptureCtrModule/MGCaptureCtrlMan
		SccLocalPath43 = ..\\..\\Middle\\MGCaptureCtrModule\\MGCaptureCtrlMan
		SccProjectUniqueName44 = ..\\..\\Middle\\MGCaptureCtrModule\\MGTestCapture\\MGTestCapture.vcproj
		SccProjectTopLevelParentUniqueName44 = MSV_AllProject.sln
		SccProjectName44 = ../../Middle/MGCaptureCtrModule/MGTestCapture
		SccLocalPath44 = ..\\..\\Middle\\MGCaptureCtrModule\\MGTestCapture
		SccProjectUniqueName45 = ..\\..\\Middle\\MGBaseModule\\MGLogWriter\\MGLogWriter.vcproj
		SccProjectTopLevelParentUniqueName45 = MSV_AllProject.sln
		SccProjectName45 = ../../Middle/MGBaseModule/MGLogWriter
		SccLocalPath45 = ..\\..\\Middle\\MGBaseModule\\MGLogWriter
		SccProjectUniqueName46 = ..\\..\\Middle\\MGBaseModule\\MGBufferListEx\\MGBufferListEx.vcproj
		SccProjectTopLevelParentUniqueName46 = MSV_AllProject.sln
		SccProjectName46 = ../../Middle/MGBaseModule/MGBufferListEx
		SccLocalPath46 = ..\\..\\Middle\\MGBaseModule\\MGBufferListEx
		SccProjectUniqueName47 = ..\\..\\Middle\\MGNWVideoPlugIn\\MGNWVideoPlugIn\\MGNWVideoPlugIn.vcproj
		SccProjectTopLevelParentUniqueName47 = MSV_AllProject.sln
		SccProjectName47 = ../../Middle/MGNWVideoPlugIn/MGNWVideoPlugIn
		SccLocalPath47 = ..\\..\\Middle\\MGNWVideoPlugIn\\MGNWVideoPlugIn
		SccProjectUniqueName48 = ..\\..\\Middle\\MGNWVideoPlugIn\\TCPPreviewTestApp\\TCPPreviewTestApp.vcproj
		SccProjectTopLevelParentUniqueName48 = MSV_AllProject.sln
		SccProjectName48 = ../../Middle/MGNWVideoPlugIn/TCPPreviewTestApp
		SccLocalPath48 = ..\\..\\Middle\\MGNWVideoPlugIn\\TCPPreviewTestApp
		SccProjectUniqueName49 = ..\\..\\Middle\\MGSteamInModule\\MGTSStreamIn\\MGTSStreamIn.vcproj
		SccProjectTopLevelParentUniqueName49 = MSV_AllProject.sln
		SccProjectName49 = ../../Middle/MGSteamInModule/MGTSStreamIn
		SccLocalPath49 = ..\\..\\Middle\\MGSteamInModule\\MGTSStreamIn
		SccProjectUniqueName50 = ..\\..\\Middle\\MGFileWriteModule\\MGHEAACAudioWriter\\MGHEAACAudioWriter.vcproj
		SccProjectTopLevelParentUniqueName50 = MSV_AllProject.sln
		SccProjectName50 = ../../Middle/MGFileWriteModule/MGHEAACAudioWriter
		SccLocalPath50 = ..\\..\\Middle\\MGFileWriteModule\\MGHEAACAudioWriter
		SccProjectUniqueName51 = ..\\..\\Middle\\TSAnalyzeModule\\TSAnalyzeManager\\TSAnalyzeManager.vcproj
		SccProjectTopLevelParentUniqueName51 = MSV_AllProject.sln
		SccProjectName51 = ../../Middle/TSAnalyzeModule/TSAnalyzeManager
		SccLocalPath51 = ..\\..\\Middle\\TSAnalyzeModule\\TSAnalyzeManager
		SccProjectUniqueName52 = ..\\..\\Middle\\TSAnalyzeModule\\TSAnalyze\\ESStreamProcess\\ESStreamProcess.vcproj
		SccProjectTopLevelParentUniqueName52 = MSV_AllProject.sln
		SccProjectName52 = ../../Middle/TSAnalyzeModule/TSAnalyze/ESStreamProcess
		SccLocalPath52 = ..\\..\\Middle\\TSAnalyzeModule\\TSAnalyze\\ESStreamProcess
		SccProjectUniqueName53 = ..\\..\\Middle\\MGSteamInModule\\MGTSAdapter\\MGTSAdapter.vcproj
		SccProjectTopLevelParentUniqueName53 = MSV_AllProject.sln
		SccProjectName53 = ../../Middle/MGSteamInModule/MGTSAdapter
		SccLocalPath53 = ..\\..\\Middle\\MGSteamInModule\\MGTSAdapter
		SccProjectUniqueName54 = ..\\..\\Middle\\MGSteamInModule\\MGTSAdapterTestDemo\\MGTSAdapterTestDemo.vcproj
		SccProjectTopLevelParentUniqueName54 = MSV_AllProject.sln
		SccProjectName54 = ../../Middle/MGSteamInModule/MGTSAdapterTestDemo
		SccLocalPath54 = ..\\..\\Middle\\MGSteamInModule\\MGTSAdapterTestDemo
		SccProjectUniqueName55 = ..\\..\\Middle\\MGEncodeModule\\MGDNxHDEncode\\MGDNxHDEncode.vcproj
		SccProjectTopLevelParentUniqueName55 = MSV_AllProject.sln
		SccProjectName55 = ../../Middle/MGEncodeModule/MGDNxHDEncode
		SccLocalPath55 = ..\\..\\Middle\\MGEncodeModule\\MGDNxHDEncode
		SccProjectUniqueName56 = ..\\MSV_Ctrl_DemoEx\\MSVCtrlDemo.vcproj
		SccProjectTopLevelParentUniqueName56 = MSV_AllProject.sln
		SccProjectName56 = ../MSV_Ctrl_DemoEx
		SccLocalPath56 = ..\\MSV_Ctrl_DemoEx
		SccProjectUniqueName57 = ..\\..\\Middle\\MGFileWriteModule\\MGMxfAudioWriter\\MGMxfAudioWriter.vcproj
		SccProjectTopLevelParentUniqueName57 = MSV_AllProject.sln
		SccProjectName57 = ../../Middle/MGFileWriteModule/MGMxfAudioWriter
		SccLocalPath57 = ..\\..\\Middle\\MGFileWriteModule\\MGMxfAudioWriter
		SccProjectUniqueName58 = ..\\..\\Middle\\MGSteamInModule\\MG3500StreamIn\\MG3500StreamIn.vcproj
		SccProjectTopLevelParentUniqueName58 = MSV_AllProject.sln
		SccProjectName58 = ../../Middle/MGSteamInModule/MG3500StreamIn
		SccLocalPath58 = ..\\..\\Middle\\MGSteamInModule\\MG3500StreamIn
		SccProjectUniqueName59 = ..\\..\\Middle\\MGBaseModule\\MGLogLimitOutput\\MGLogLimitOutput.vcproj
		SccProjectTopLevelParentUniqueName59 = MSV_AllProject.sln
		SccProjectName59 = ../../Middle/MGBaseModule/MGLogLimitOutput
		SccLocalPath59 = ..\\..\\Middle\\MGBaseModule\\MGLogLimitOutput
		SccProjectUniqueName60 = ..\\..\\Middle\\CARRAYMODULE_CS\\XIdxReader\\XIdxReader.vcproj
		SccProjectTopLevelParentUniqueName60 = MSV_AllProject.sln
		SccProjectName60 = ../../Middle/CARRAYMODULE_CS/XIdxReader
		SccLocalPath60 = ..\\..\\Middle\\CARRAYMODULE_CS\\XIdxReader
		SccProjectUniqueName61 = ..\\..\\Middle\\MGSteamInModule\\MGRTMPStreamIn\\MGRTMPStreamIn.vcproj
		SccProjectTopLevelParentUniqueName61 = MSV_AllProject.sln
		SccProjectName61 = ../../Middle/MGSteamInModule/MGRTMPStreamIn
		SccLocalPath61 = ..\\..\\Middle\\MGSteamInModule\\MGRTMPStreamIn
		SccProjectUniqueName62 = ..\\CommShareMemDll\\CommShareMemDll.vcproj
		SccProjectTopLevelParentUniqueName62 = MSV_AllProject.sln
		SccProjectName62 = ../CommShareMemDll
		SccLocalPath62 = ..\\CommShareMemDll
		SccProjectUniqueName63 = ..\\..\\Middle\\TSAnalyzeModule\\TSAnalyze\\IP\\IPDevice\\IPDevice.vcproj
		SccProjectTopLevelParentUniqueName63 = MSV_AllProject.sln
		SccProjectName63 = ../../Middle/TSAnalyzeModule/TSAnalyze/IP/IPDevice
		SccLocalPath63 = ..\\..\\Middle\\TSAnalyzeModule\\TSAnalyze\\IP\\IPDevice
		SccProjectUniqueName64 = ..\\..\\Middle\\TSAnalyzeModule\\TSAnalyze\\IP\\TSDeviceMan\\TsDeviceMan.vcproj
		SccProjectTopLevelParentUniqueName64 = MSV_AllProject.sln
		SccProjectName64 = ../../Middle/TSAnalyzeModule/TSAnalyze/IP/TSDeviceMan
		SccLocalPath64 = ..\\..\\Middle\\TSAnalyzeModule\\TSAnalyze\\IP\\TSDeviceMan
		SccProjectUniqueName65 = ..\\..\\Middle\\TSAnalyzeModule\\TSAnalyze\\IP\\TSIPDevice\\TSIPDevice.vcproj
		SccProjectTopLevelParentUniqueName65 = MSV_AllProject.sln
		SccProjectName65 = ../../Middle/TSAnalyzeModule/TSAnalyze/IP/TSIPDevice
		SccLocalPath65 = ..\\..\\Middle\\TSAnalyzeModule\\TSAnalyze\\IP\\TSIPDevice
		SccProjectUniqueName66 = ..\\..\\Middle\\TSAnalyzeModule\\TSAnalyze\\IP\\TSStreamProcess\\TSStreamProcess.vcproj
		SccProjectTopLevelParentUniqueName66 = MSV_AllProject.sln
		SccProjectName66 = ../../Middle/TSAnalyzeModule/TSAnalyze/IP/TSStreamProcess
		SccLocalPath66 = ..\\..\\Middle\\TSAnalyzeModule\\TSAnalyze\\IP\\TSStreamProcess
		SccProjectUniqueName67 = ..\\..\\Middle\\TSAnalyzeModule\\TSAnalyze\\Stream\\HTTP_StreamProcess\\HTTP_StreamProcess.vcproj
		SccProjectTopLevelParentUniqueName67 = MSV_AllProject.sln
		SccProjectName67 = ../../Middle/TSAnalyzeModule/TSAnalyze/Stream/HTTP_StreamProcess
		SccLocalPath67 = ..\\..\\Middle\\TSAnalyzeModule\\TSAnalyze\\Stream\\HTTP_StreamProcess
		SccProjectUniqueName68 = ..\\..\\Middle\\TSAnalyzeModule\\TSAnalyze\\Stream\\StreamDevice\\StreamDevice.vcproj
		SccProjectTopLevelParentUniqueName68 = MSV_AllProject.sln
		SccProjectName68 = ../../Middle/TSAnalyzeModule/TSAnalyze/Stream/StreamDevice
		SccLocalPath68 = ..\\..\\Middle\\TSAnalyzeModule\\TSAnalyze\\Stream\\StreamDevice
		SccProjectUniqueName69 = ..\\..\\Middle\\TSAnalyzeModule\\CaptureTool\\CaptureTool.vcproj
		SccProjectTopLevelParentUniqueName69 = MSV_AllProject.sln
		SccProjectName69 = ../../Middle/TSAnalyzeModule/CaptureTool
		SccLocalPath69 = ..\\..\\Middle\\TSAnalyzeModule\\CaptureTool
		SccProjectUniqueName70 = ..\\..\\Middle\\MGSteamInModule\\MG460064StreamIn\\MG460064StreamIn.vcproj
		SccProjectTopLevelParentUniqueName70 = MSV_AllProject.sln
		SccProjectName70 = ../../Middle/MGSteamInModule/MG460064StreamIn
		SccLocalPath70 = ..\\..\\Middle\\MGSteamInModule\\MG460064StreamIn
		SccProjectUniqueName71 = ..\\..\\Middle\\MGSteamInModule\\MGDeckLinkStreamIn\\MGDeckLinkStreamIn.vcproj
		SccProjectTopLevelParentUniqueName71 = MSV_AllProject.sln
		SccProjectName71 = ../../Middle/MGSteamInModule/MGDeckLinkStreamIn
		SccLocalPath71 = ..\\..\\Middle\\MGSteamInModule\\MGDeckLinkStreamIn
		SccProjectUniqueName72 = ..\\..\\Middle\\MGBaseModule\\MGAdditionalFunction\\MGAdditionalFunction.vcproj
		SccProjectTopLevelParentUniqueName72 = MSV_AllProject.sln
		SccProjectName72 = ../../Middle/MGBaseModule/MGAdditionalFunction
		SccLocalPath72 = ..\\..\\Middle\\MGBaseModule\\MGAdditionalFunction
		SccProjectUniqueName73 = ..\\..\\Middle\\MGBaseModule\\XMLParserDLL\\XMLParserDLL.vcproj
		SccProjectTopLevelParentUniqueName73 = MSV_AllProject.sln
		SccProjectName73 = ../../Middle/MGBaseModule/XMLParserDLL
		SccLocalPath73 = ..\\..\\Middle\\MGBaseModule\\XMLParserDLL
		SccProjectUniqueName74 = ..\\..\\Middle\\MGBaseModule\\NotifyManage\\NotifyManage.vcproj
		SccProjectTopLevelParentUniqueName74 = MSV_AllProject.sln
		SccProjectName74 = ../../Middle/MGBaseModule/NotifyManage
		SccLocalPath74 = ..\\..\\Middle\\MGBaseModule\\NotifyManage
		SccProjectUniqueName75 = ..\\MSV_Ctrl_Demo_21\\MSVCtrlDemo21.vcproj
		SccProjectTopLevelParentUniqueName75 = MSV_AllProject.sln
		SccProjectName75 = ../MSV_Ctrl_Demo_21
		SccLocalPath75 = ..\\MSV_Ctrl_Demo_21
		SccProjectUniqueName76 = ..\\..\\Middle\\MGFileWriteModule\\MGCCWriter\\MGCCWriter.vcproj
		SccProjectTopLevelParentUniqueName76 = MSV_AllProject.sln
		SccProjectName76 = ../../Middle/MGFileWriteModule/MGCCWriter
		SccLocalPath76 = ..\\..\\Middle\\MGFileWriteModule\\MGCCWriter
	EndGlobalSection
	GlobalSection(SolutionConfigurationPlatforms) = preSolution
		Debug_MDI|Win32 = Debug_MDI|Win32
		Debug|Win32 = Debug|Win32
		Release_MDI|Win32 = Release_MDI|Win32
		Release|Win32 = Release|Win32
	EndGlobalSection
	GlobalSection(ProjectConfigurationPlatforms) = postSolution
		{BD605947-9B24-46DE-85CD-A3F4F1E9887A}.Debug_MDI|Win32.ActiveCfg = Debug_MDI|Win32
		{BD605947-9B24-46DE-85CD-A3F4F1E9887A}.Debug_MDI|Win32.Build.0 = Debug_MDI|Win32
		{BD605947-9B24-46DE-85CD-A3F4F1E9887A}.Debug|Win32.ActiveCfg = Debug|Win32
		{BD605947-9B24-46DE-85CD-A3F4F1E9887A}.Debug|Win32.Build.0 = Debug|Win32
		{BD605947-9B24-46DE-85CD-A3F4F1E9887A}.Release_MDI|Win32.ActiveCfg = Release_MDI|Win32
		{BD605947-9B24-46DE-85CD-A3F4F1E9887A}.Release_MDI|Win32.Build.0 = Release_MDI|Win32
		{BD605947-9B24-46DE-85CD-A3F4F1E9887A}.Release|Win32.ActiveCfg = Release|Win32
		{BD605947-9B24-46DE-85CD-A3F4F1E9887A}.Release|Win32.Build.0 = Release|Win32
		{9972C2B7-320D-4FDA-8C49-83DFFCF44A73}.Debug_MDI|Win32.ActiveCfg = Debug_MDI|Win32
		{9972C2B7-320D-4FDA-8C49-83DFFCF44A73}.Debug_MDI|Win32.Build.0 = Debug_MDI|Win32
		{9972C2B7-320D-4FDA-8C49-83DFFCF44A73}.Debug|Win32.ActiveCfg = Debug|Win32
		{9972C2B7-320D-4FDA-8C49-83DFFCF44A73}.Debug|Win32.Build.0 = Debug|Win32
		{9972C2B7-320D-4FDA-8C49-83DFFCF44A73}.Release_MDI|Win32.ActiveCfg = Release_MDI|Win32
		{9972C2B7-320D-4FDA-8C49-83DFFCF44A73}.Release_MDI|Win32.Build.0 = Release_MDI|Win32
		{9972C2B7-320D-4FDA-8C49-83DFFCF44A73}.Release|Win32.ActiveCfg = Release|Win32
		{9972C2B7-320D-4FDA-8C49-83DFFCF44A73}.Release|Win32.Build.0 = Release|Win32
	EndGlobalSection
	GlobalSection(SolutionProperties) = preSolution
		HideSolutionNode = FALSE
	EndGlobalSection
EndGlobal
